// !$*UTF8*$!
{
	archiveVersion = 1;
	classes = {
	};
	objectVersion = 56;
	objects = {

/* Begin PBXBuildFile section */
		F6689FA82B44F89300EE8A9F /* EzyDoApp.swift in Sources */ = {isa = PBXBuildFile; fileRef = F6689FA72B44F89300EE8A9F /* EzyDoApp.swift */; };
		F6689FAA2B44F89300EE8A9F /* TaskListView.swift in Sources */ = {isa = PBXBuildFile; fileRef = F6689FA92B44F89300EE8A9F /* TaskListView.swift */; };
		F6689FAC2B44F89400EE8A9F /* Assets.xcassets in Resources */ = {isa = PBXBuildFile; fileRef = F6689FAB2B44F89400EE8A9F /* Assets.xcassets */; };
		F6689FAF2B44F89400EE8A9F /* Preview Assets.xcassets in Resources */ = {isa = PBXBuildFile; fileRef = F6689FAE2B44F89400EE8A9F /* Preview Assets.xcassets */; };
		F6689FB12B44F89400EE8A9F /* Persistence.swift in Sources */ = {isa = PBXBuildFile; fileRef = F6689FB02B44F89400EE8A9F /* Persistence.swift */; };
		F6689FB42B44F89400EE8A9F /* EzyDo.xcdatamodeld in Sources */ = {isa = PBXBuildFile; fileRef = F6689FB22B44F89400EE8A9F /* EzyDo.xcdatamodeld */; };
		F6689FC02B44F89500EE8A9F /* EzyDoTests.swift in Sources */ = {isa = PBXBuildFile; fileRef = F6689FBF2B44F89500EE8A9F /* EzyDoTests.swift */; };
		F6689FCA2B44F89500EE8A9F /* EzyDoUITests.swift in Sources */ = {isa = PBXBuildFile; fileRef = F6689FC92B44F89500EE8A9F /* EzyDoUITests.swift */; };
		F6689FCC2B44F89500EE8A9F /* EzyDoUITestsLaunchTests.swift in Sources */ = {isa = PBXBuildFile; fileRef = F6689FCB2B44F89500EE8A9F /* EzyDoUITestsLaunchTests.swift */; };
		F6689FD92B44FDD200EE8A9F /* FloatingButton.swift in Sources */ = {isa = PBXBuildFile; fileRef = F6689FD82B44FDD200EE8A9F /* FloatingButton.swift */; };
		F6689FDC2B44FE9000EE8A9F /* TaskEditView.swift in Sources */ = {isa = PBXBuildFile; fileRef = F6689FDB2B44FE9000EE8A9F /* TaskEditView.swift */; };
		F6689FDE2B455B3200EE8A9F /* DateHolder.swift in Sources */ = {isa = PBXBuildFile; fileRef = F6689FDD2B455B3200EE8A9F /* DateHolder.swift */; };
		F6689FE02B45640200EE8A9F /* TaskCell.swift in Sources */ = {isa = PBXBuildFile; fileRef = F6689FDF2B45640200EE8A9F /* TaskCell.swift */; };
		F6689FE22B4565C500EE8A9F /* CheckBoxView.swift in Sources */ = {isa = PBXBuildFile; fileRef = F6689FE12B4565C500EE8A9F /* CheckBoxView.swift */; };
		F6689FE52B45685500EE8A9F /* TaskItemExtension.swift in Sources */ = {isa = PBXBuildFile; fileRef = F6689FE42B45685500EE8A9F /* TaskItemExtension.swift */; };
		F6C2297D2B45C4BB00F7CD7A /* readme.txt in Resources */ = {isa = PBXBuildFile; fileRef = F6C2297C2B45C4BB00F7CD7A /* readme.txt */; };
/* End PBXBuildFile section */

/* Begin PBXContainerItemProxy section */
		F6689FBC2B44F89500EE8A9F /* PBXContainerItemProxy */ = {
			isa = PBXContainerItemProxy;
			containerPortal = F6689F9C2B44F89300EE8A9F /* Project object */;
			proxyType = 1;
			remoteGlobalIDString = F6689FA32B44F89300EE8A9F;
			remoteInfo = EzyDo;
		};
		F6689FC62B44F89500EE8A9F /* PBXContainerItemProxy */ = {
			isa = PBXContainerItemProxy;
			containerPortal = F6689F9C2B44F89300EE8A9F /* Project object */;
			proxyType = 1;
			remoteGlobalIDString = F6689FA32B44F89300EE8A9F;
			remoteInfo = EzyDo;
		};
/* End PBXContainerItemProxy section */

/* Begin PBXFileReference section */
		F6689FA42B44F89300EE8A9F /* EzyDo.app */ = {isa = PBXFileReference; explicitFileType = wrapper.application; includeInIndex = 0; path = EzyDo.app; sourceTree = BUILT_PRODUCTS_DIR; };
		F6689FA72B44F89300EE8A9F /* EzyDoApp.swift */ = {isa = PBXFileReference; lastKnownFileType = sourcecode.swift; path = EzyDoApp.swift; sourceTree = "<group>"; };
		F6689FA92B44F89300EE8A9F /* TaskListView.swift */ = {isa = PBXFileReference; lastKnownFileType = sourcecode.swift; path = TaskListView.swift; sourceTree = "<group>"; };
		F6689FAB2B44F89400EE8A9F /* Assets.xcassets */ = {isa = PBXFileReference; lastKnownFileType = folder.assetcatalog; path = Assets.xcassets; sourceTree = "<group>"; };
		F6689FAE2B44F89400EE8A9F /* Preview Assets.xcassets */ = {isa = PBXFileReference; lastKnownFileType = folder.assetcatalog; path = "Preview Assets.xcassets"; sourceTree = "<group>"; };
		F6689FB02B44F89400EE8A9F /* Persistence.swift */ = {isa = PBXFileReference; lastKnownFileType = sourcecode.swift; path = Persistence.swift; sourceTree = "<group>"; };
		F6689FB32B44F89400EE8A9F /* EzyDo.xcdatamodel */ = {isa = PBXFileReference; lastKnownFileType = wrapper.xcdatamodel; path = EzyDo.xcdatamodel; sourceTree = "<group>"; };
		F6689FB52B44F89400EE8A9F /* EzyDo.entitlements */ = {isa = PBXFileReference; lastKnownFileType = text.plist.entitlements; path = EzyDo.entitlements; sourceTree = "<group>"; };
		F6689FB62B44F89400EE8A9F /* Info.plist */ = {isa = PBXFileReference; lastKnownFileType = text.plist.xml; path = Info.plist; sourceTree = "<group>"; };
		F6689FBB2B44F89500EE8A9F /* EzyDoTests.xctest */ = {isa = PBXFileReference; explicitFileType = wrapper.cfbundle; includeInIndex = 0; path = EzyDoTests.xctest; sourceTree = BUILT_PRODUCTS_DIR; };
		F6689FBF2B44F89500EE8A9F /* EzyDoTests.swift */ = {isa = PBXFileReference; lastKnownFileType = sourcecode.swift; path = EzyDoTests.swift; sourceTree = "<group>"; };
		F6689FC52B44F89500EE8A9F /* EzyDoUITests.xctest */ = {isa = PBXFileReference; explicitFileType = wrapper.cfbundle; includeInIndex = 0; path = EzyDoUITests.xctest; sourceTree = BUILT_PRODUCTS_DIR; };
		F6689FC92B44F89500EE8A9F /* EzyDoUITests.swift */ = {isa = PBXFileReference; lastKnownFileType = sourcecode.swift; path = EzyDoUITests.swift; sourceTree = "<group>"; };
		F6689FCB2B44F89500EE8A9F /* EzyDoUITestsLaunchTests.swift */ = {isa = PBXFileReference; lastKnownFileType = sourcecode.swift; path = EzyDoUITestsLaunchTests.swift; sourceTree = "<group>"; };
		F6689FD82B44FDD200EE8A9F /* FloatingButton.swift */ = {isa = PBXFileReference; lastKnownFileType = sourcecode.swift; path = FloatingButton.swift; sourceTree = "<group>"; };
		F6689FDB2B44FE9000EE8A9F /* TaskEditView.swift */ = {isa = PBXFileReference; lastKnownFileType = sourcecode.swift; path = TaskEditView.swift; sourceTree = "<group>"; };
		F6689FDD2B455B3200EE8A9F /* DateHolder.swift */ = {isa = PBXFileReference; lastKnownFileType = sourcecode.swift; path = DateHolder.swift; sourceTree = "<group>"; };
		F6689FDF2B45640200EE8A9F /* TaskCell.swift */ = {isa = PBXFileReference; lastKnownFileType = sourcecode.swift; path = TaskCell.swift; sourceTree = "<group>"; };
		F6689FE12B4565C500EE8A9F /* CheckBoxView.swift */ = {isa = PBXFileReference; lastKnownFileType = sourcecode.swift; path = CheckBoxView.swift; sourceTree = "<group>"; };
		F6689FE42B45685500EE8A9F /* TaskItemExtension.swift */ = {isa = PBXFileReference; lastKnownFileType = sourcecode.swift; path = TaskItemExtension.swift; sourceTree = "<group>"; };
		F6C2297C2B45C4BB00F7CD7A /* readme.txt */ = {isa = PBXFileReference; lastKnownFileType = text; path = readme.txt; sourceTree = "<group>"; };
/* End PBXFileReference section */

/* Begin PBXFrameworksBuildPhase section */
		F6689FA12B44F89300EE8A9F /* Frameworks */ = {
			isa = PBXFrameworksBuildPhase;
			buildActionMask = 2147483647;
			files = (
			);
			runOnlyForDeploymentPostprocessing = 0;
		};
		F6689FB82B44F89500EE8A9F /* Frameworks */ = {
			isa = PBXFrameworksBuildPhase;
			buildActionMask = 2147483647;
			files = (
			);
			runOnlyForDeploymentPostprocessing = 0;
		};
		F6689FC22B44F89500EE8A9F /* Frameworks */ = {
			isa = PBXFrameworksBuildPhase;
			buildActionMask = 2147483647;
			files = (
			);
			runOnlyForDeploymentPostprocessing = 0;
		};
/* End PBXFrameworksBuildPhase section */

/* Begin PBXGroup section */
		F6689F9B2B44F89300EE8A9F = {
			isa = PBXGroup;
			children = (
				F6C2297C2B45C4BB00F7CD7A /* readme.txt */,
				F6689FA62B44F89300EE8A9F /* EzyDo */,
				F6689FBE2B44F89500EE8A9F /* EzyDoTests */,
				F6689FC82B44F89500EE8A9F /* EzyDoUITests */,
				F6689FA52B44F89300EE8A9F /* Products */,
			);
			sourceTree = "<group>";
		};
		F6689FA52B44F89300EE8A9F /* Products */ = {
			isa = PBXGroup;
			children = (
				F6689FA42B44F89300EE8A9F /* EzyDo.app */,
				F6689FBB2B44F89500EE8A9F /* EzyDoTests.xctest */,
				F6689FC52B44F89500EE8A9F /* EzyDoUITests.xctest */,
			);
			name = Products;
			sourceTree = "<group>";
		};
		F6689FA62B44F89300EE8A9F /* EzyDo */ = {
			isa = PBXGroup;
			children = (
				F6689FDA2B44FE3800EE8A9F /* Views */,
				F6689FAB2B44F89400EE8A9F /* Assets.xcassets */,
				F6689FE32B4566D900EE8A9F /* Model */,
				F6689FB52B44F89400EE8A9F /* EzyDo.entitlements */,
				F6689FB62B44F89400EE8A9F /* Info.plist */,
				F6689FB22B44F89400EE8A9F /* EzyDo.xcdatamodeld */,
				F6689FAD2B44F89400EE8A9F /* Preview Content */,
			);
			path = EzyDo;
			sourceTree = "<group>";
		};
		F6689FAD2B44F89400EE8A9F /* Preview Content */ = {
			isa = PBXGroup;
			children = (
				F6689FAE2B44F89400EE8A9F /* Preview Assets.xcassets */,
			);
			path = "Preview Content";
			sourceTree = "<group>";
		};
		F6689FBE2B44F89500EE8A9F /* EzyDoTests */ = {
			isa = PBXGroup;
			children = (
				F6689FBF2B44F89500EE8A9F /* EzyDoTests.swift */,
			);
			path = EzyDoTests;
			sourceTree = "<group>";
		};
		F6689FC82B44F89500EE8A9F /* EzyDoUITests */ = {
			isa = PBXGroup;
			children = (
				F6689FC92B44F89500EE8A9F /* EzyDoUITests.swift */,
				F6689FCB2B44F89500EE8A9F /* EzyDoUITestsLaunchTests.swift */,
			);
			path = EzyDoUITests;
			sourceTree = "<group>";
		};
		F6689FDA2B44FE3800EE8A9F /* Views */ = {
			isa = PBXGroup;
			children = (
				F6689FA72B44F89300EE8A9F /* EzyDoApp.swift */,
				F6689FA92B44F89300EE8A9F /* TaskListView.swift */,
				F6689FD82B44FDD200EE8A9F /* FloatingButton.swift */,
				F6689FDB2B44FE9000EE8A9F /* TaskEditView.swift */,
				F6689FDF2B45640200EE8A9F /* TaskCell.swift */,
				F6689FE12B4565C500EE8A9F /* CheckBoxView.swift */,
			);
			path = Views;
			sourceTree = "<group>";
		};
		F6689FE32B4566D900EE8A9F /* Model */ = {
			isa = PBXGroup;
			children = (
				F6689FDD2B455B3200EE8A9F /* DateHolder.swift */,
				F6689FB02B44F89400EE8A9F /* Persistence.swift */,
				F6689FE42B45685500EE8A9F /* TaskItemExtension.swift */,
			);
			path = Model;
			sourceTree = "<group>";
		};
/* End PBXGroup section */

/* Begin PBXNativeTarget section */
		F6689FA32B44F89300EE8A9F /* EzyDo */ = {
			isa = PBXNativeTarget;
			buildConfigurationList = F6689FCF2B44F89500EE8A9F /* Build configuration list for PBXNativeTarget "EzyDo" */;
			buildPhases = (
				F6689FA02B44F89300EE8A9F /* Sources */,
				F6689FA12B44F89300EE8A9F /* Frameworks */,
				F6689FA22B44F89300EE8A9F /* Resources */,
			);
			buildRules = (
			);
			dependencies = (
			);
			name = EzyDo;
			productName = EzyDo;
			productReference = F6689FA42B44F89300EE8A9F /* EzyDo.app */;
			productType = "com.apple.product-type.application";
		};
		F6689FBA2B44F89500EE8A9F /* EzyDoTests */ = {
			isa = PBXNativeTarget;
			buildConfigurationList = F6689FD22B44F89500EE8A9F /* Build configuration list for PBXNativeTarget "EzyDoTests" */;
			buildPhases = (
				F6689FB72B44F89500EE8A9F /* Sources */,
				F6689FB82B44F89500EE8A9F /* Frameworks */,
				F6689FB92B44F89500EE8A9F /* Resources */,
			);
			buildRules = (
			);
			dependencies = (
				F6689FBD2B44F89500EE8A9F /* PBXTargetDependency */,
			);
			name = EzyDoTests;
			productName = EzyDoTests;
			productReference = F6689FBB2B44F89500EE8A9F /* EzyDoTests.xctest */;
			productType = "com.apple.product-type.bundle.unit-test";
		};
		F6689FC42B44F89500EE8A9F /* EzyDoUITests */ = {
			isa = PBXNativeTarget;
			buildConfigurationList = F6689FD52B44F89500EE8A9F /* Build configuration list for PBXNativeTarget "EzyDoUITests" */;
			buildPhases = (
				F6689FC12B44F89500EE8A9F /* Sources */,
				F6689FC22B44F89500EE8A9F /* Frameworks */,
				F6689FC32B44F89500EE8A9F /* Resources */,
			);
			buildRules = (
			);
			dependencies = (
				F6689FC72B44F89500EE8A9F /* PBXTargetDependency */,
			);
			name = EzyDoUITests;
			productName = EzyDoUITests;
			productReference = F6689FC52B44F89500EE8A9F /* EzyDoUITests.xctest */;
			productType = "com.apple.product-type.bundle.ui-testing";
		};
/* End PBXNativeTarget section */

/* Begin PBXProject section */
		F6689F9C2B44F89300EE8A9F /* Project object */ = {
			isa = PBXProject;
			attributes = {
				BuildIndependentTargetsInParallel = 1;
				LastSwiftUpdateCheck = 1510;
				LastUpgradeCheck = 1510;
				TargetAttributes = {
					F6689FA32B44F89300EE8A9F = {
						CreatedOnToolsVersion = 15.1;
					};
					F6689FBA2B44F89500EE8A9F = {
						CreatedOnToolsVersion = 15.1;
						TestTargetID = F6689FA32B44F89300EE8A9F;
					};
					F6689FC42B44F89500EE8A9F = {
						CreatedOnToolsVersion = 15.1;
						TestTargetID = F6689FA32B44F89300EE8A9F;
					};
				};
			};
			buildConfigurationList = F6689F9F2B44F89300EE8A9F /* Build configuration list for PBXProject "EzyDo" */;
			compatibilityVersion = "Xcode 14.0";
			developmentRegion = en;
			hasScannedForEncodings = 0;
			knownRegions = (
				en,
				Base,
			);
			mainGroup = F6689F9B2B44F89300EE8A9F;
			productRefGroup = F6689FA52B44F89300EE8A9F /* Products */;
			projectDirPath = "";
			projectRoot = "";
			targets = (
				F6689FA32B44F89300EE8A9F /* EzyDo */,
				F6689FBA2B44F89500EE8A9F /* EzyDoTests */,
				F6689FC42B44F89500EE8A9F /* EzyDoUITests */,
			);
		};
/* End PBXProject section */

/* Begin PBXResourcesBuildPhase section */
		F6689FA22B44F89300EE8A9F /* Resources */ = {
			isa = PBXResourcesBuildPhase;
			buildActionMask = 2147483647;
			files = (
				F6C2297D2B45C4BB00F7CD7A /* readme.txt in Resources */,
				F6689FAF2B44F89400EE8A9F /* Preview Assets.xcassets in Resources */,
				F6689FAC2B44F89400EE8A9F /* Assets.xcassets in Resources */,
			);
			runOnlyForDeploymentPostprocessing = 0;
		};
		F6689FB92B44F89500EE8A9F /* Resources */ = {
			isa = PBXResourcesBuildPhase;
			buildActionMask = 2147483647;
			files = (
			);
			runOnlyForDeploymentPostprocessing = 0;
		};
		F6689FC32B44F89500EE8A9F /* Resources */ = {
			isa = PBXResourcesBuildPhase;
			buildActionMask = 2147483647;
			files = (
			);
			runOnlyForDeploymentPostprocessing = 0;
		};
/* End PBXResourcesBuildPhase section */

/* Begin PBXSourcesBuildPhase section */
		F6689FA02B44F89300EE8A9F /* Sources */ = {
			isa = PBXSourcesBuildPhase;
			buildActionMask = 2147483647;
			files = (
				F6689FDE2B455B3200EE8A9F /* DateHolder.swift in Sources */,
				F6689FE52B45685500EE8A9F /* TaskItemExtension.swift in Sources */,
				F6689FB12B44F89400EE8A9F /* Persistence.swift in Sources */,
				F6689FB42B44F89400EE8A9F /* EzyDo.xcdatamodeld in Sources */,
				F6689FD92B44FDD200EE8A9F /* FloatingButton.swift in Sources */,
				F6689FE22B4565C500EE8A9F /* CheckBoxView.swift in Sources */,
				F6689FE02B45640200EE8A9F /* TaskCell.swift in Sources */,
				F6689FDC2B44FE9000EE8A9F /* TaskEditView.swift in Sources */,
				F6689FAA2B44F89300EE8A9F /* TaskListView.swift in Sources */,
				F6689FA82B44F89300EE8A9F /* EzyDoApp.swift in Sources */,
			);
			runOnlyForDeploymentPostprocessing = 0;
		};
		F6689FB72B44F89500EE8A9F /* Sources */ = {
			isa = PBXSourcesBuildPhase;
			buildActionMask = 2147483647;
			files = (
				F6689FC02B44F89500EE8A9F /* EzyDoTests.swift in Sources */,
			);
			runOnlyForDeploymentPostprocessing = 0;
		};
		F6689FC12B44F89500EE8A9F /* Sources */ = {
			isa = PBXSourcesBuildPhase;
			buildActionMask = 2147483647;
			files = (
				F6689FCC2B44F89500EE8A9F /* EzyDoUITestsLaunchTests.swift in Sources */,
				F6689FCA2B44F89500EE8A9F /* EzyDoUITests.swift in Sources */,
			);
			runOnlyForDeploymentPostprocessing = 0;
		};
/* End PBXSourcesBuildPhase section */

/* Begin PBXTargetDependency section */
		F6689FBD2B44F89500EE8A9F /* PBXTargetDependency */ = {
			isa = PBXTargetDependency;
			target = F6689FA32B44F89300EE8A9F /* EzyDo */;
			targetProxy = F6689FBC2B44F89500EE8A9F /* PBXContainerItemProxy */;
		};
		F6689FC72B44F89500EE8A9F /* PBXTargetDependency */ = {
			isa = PBXTargetDependency;
			target = F6689FA32B44F89300EE8A9F /* EzyDo */;
			targetProxy = F6689FC62B44F89500EE8A9F /* PBXContainerItemProxy */;
		};
/* End PBXTargetDependency section */

/* Begin XCBuildConfiguration section */
		F6689FCD2B44F89500EE8A9F /* Debug */ = {
			isa = XCBuildConfiguration;
			buildSettings = {
				ALWAYS_SEARCH_USER_PATHS = NO;
				ASSETCATALOG_COMPILER_GENERATE_SWIFT_ASSET_SYMBOL_EXTENSIONS = YES;
				CLANG_ANALYZER_NONNULL = YES;
				CLANG_ANALYZER_NUMBER_OBJECT_CONVERSION = YES_AGGRESSIVE;
				CLANG_CXX_LANGUAGE_STANDARD = "gnu++20";
				CLANG_ENABLE_MODULES = YES;
				CLANG_ENABLE_OBJC_ARC = YES;
				CLANG_ENABLE_OBJC_WEAK = YES;
				CLANG_WARN_BLOCK_CAPTURE_AUTORELEASING = YES;
				CLANG_WARN_BOOL_CONVERSION = YES;
				CLANG_WARN_COMMA = YES;
				CLANG_WARN_CONSTANT_CONVERSION = YES;
				CLANG_WARN_DEPRECATED_OBJC_IMPLEMENTATIONS = YES;
				CLANG_WARN_DIRECT_OBJC_ISA_USAGE = YES_ERROR;
				CLANG_WARN_DOCUMENTATION_COMMENTS = YES;
				CLANG_WARN_EMPTY_BODY = YES;
				CLANG_WARN_ENUM_CONVERSION = YES;
				CLANG_WARN_INFINITE_RECURSION = YES;
				CLANG_WARN_INT_CONVERSION = YES;
				CLANG_WARN_NON_LITERAL_NULL_CONVERSION = YES;
				CLANG_WARN_OBJC_IMPLICIT_RETAIN_SELF = YES;
				CLANG_WARN_OBJC_LITERAL_CONVERSION = YES;
				CLANG_WARN_OBJC_ROOT_CLASS = YES_ERROR;
				CLANG_WARN_QUOTED_INCLUDE_IN_FRAMEWORK_HEADER = YES;
				CLANG_WARN_RANGE_LOOP_ANALYSIS = YES;
				CLANG_WARN_STRICT_PROTOTYPES = YES;
				CLANG_WARN_SUSPICIOUS_MOVE = YES;
				CLANG_WARN_UNGUARDED_AVAILABILITY = YES_AGGRESSIVE;
				CLANG_WARN_UNREACHABLE_CODE = YES;
				CLANG_WARN__DUPLICATE_METHOD_MATCH = YES;
				COPY_PHASE_STRIP = NO;
				DEBUG_INFORMATION_FORMAT = dwarf;
				ENABLE_STRICT_OBJC_MSGSEND = YES;
				ENABLE_TESTABILITY = YES;
				ENABLE_USER_SCRIPT_SANDBOXING = YES;
				GCC_C_LANGUAGE_STANDARD = gnu17;
				GCC_DYNAMIC_NO_PIC = NO;
				GCC_NO_COMMON_BLOCKS = YES;
				GCC_OPTIMIZATION_LEVEL = 0;
				GCC_PREPROCESSOR_DEFINITIONS = (
					"DEBUG=1",
					"$(inherited)",
				);
				GCC_WARN_64_TO_32_BIT_CONVERSION = YES;
				GCC_WARN_ABOUT_RETURN_TYPE = YES_ERROR;
				GCC_WARN_UNDECLARED_SELECTOR = YES;
				GCC_WARN_UNINITIALIZED_AUTOS = YES_AGGRESSIVE;
				GCC_WARN_UNUSED_FUNCTION = YES;
				GCC_WARN_UNUSED_VARIABLE = YES;
				IPHONEOS_DEPLOYMENT_TARGET = 17.2;
				LOCALIZATION_PREFERS_STRING_CATALOGS = YES;
				MTL_ENABLE_DEBUG_INFO = INCLUDE_SOURCE;
				MTL_FAST_MATH = YES;
				ONLY_ACTIVE_ARCH = YES;
				SDKROOT = iphoneos;
				SWIFT_ACTIVE_COMPILATION_CONDITIONS = "DEBUG $(inherited)";
				SWIFT_OPTIMIZATION_LEVEL = "-Onone";
			};
			name = Debug;
		};
		F6689FCE2B44F89500EE8A9F /* Release */ = {
			isa = XCBuildConfiguration;
			buildSettings = {
				ALWAYS_SEARCH_USER_PATHS = NO;
				ASSETCATALOG_COMPILER_GENERATE_SWIFT_ASSET_SYMBOL_EXTENSIONS = YES;
				CLANG_ANALYZER_NONNULL = YES;
				CLANG_ANALYZER_NUMBER_OBJECT_CONVERSION = YES_AGGRESSIVE;
				CLANG_CXX_LANGUAGE_STANDARD = "gnu++20";
				CLANG_ENABLE_MODULES = YES;
				CLANG_ENABLE_OBJC_ARC = YES;
				CLANG_ENABLE_OBJC_WEAK = YES;
				CLANG_WARN_BLOCK_CAPTURE_AUTORELEASING = YES;
				CLANG_WARN_BOOL_CONVERSION = YES;
				CLANG_WARN_COMMA = YES;
				CLANG_WARN_CONSTANT_CONVERSION = YES;
				CLANG_WARN_DEPRECATED_OBJC_IMPLEMENTATIONS = YES;
				CLANG_WARN_DIRECT_OBJC_ISA_USAGE = YES_ERROR;
				CLANG_WARN_DOCUMENTATION_COMMENTS = YES;
				CLANG_WARN_EMPTY_BODY = YES;
				CLANG_WARN_ENUM_CONVERSION = YES;
				CLANG_WARN_INFINITE_RECURSION = YES;
				CLANG_WARN_INT_CONVERSION = YES;
				CLANG_WARN_NON_LITERAL_NULL_CONVERSION = YES;
				CLANG_WARN_OBJC_IMPLICIT_RETAIN_SELF = YES;
				CLANG_WARN_OBJC_LITERAL_CONVERSION = YES;
				CLANG_WARN_OBJC_ROOT_CLASS = YES_ERROR;
				CLANG_WARN_QUOTED_INCLUDE_IN_FRAMEWORK_HEADER = YES;
				CLANG_WARN_RANGE_LOOP_ANALYSIS = YES;
				CLANG_WARN_STRICT_PROTOTYPES = YES;
				CLANG_WARN_SUSPICIOUS_MOVE = YES;
				CLANG_WARN_UNGUARDED_AVAILABILITY = YES_AGGRESSIVE;
				CLANG_WARN_UNREACHABLE_CODE = YES;
				CLANG_WARN__DUPLICATE_METHOD_MATCH = YES;
				COPY_PHASE_STRIP = NO;
				DEBUG_INFORMATION_FORMAT = "dwarf-with-dsym";
				ENABLE_NS_ASSERTIONS = NO;
				ENABLE_STRICT_OBJC_MSGSEND = YES;
				ENABLE_USER_SCRIPT_SANDBOXING = YES;
				GCC_C_LANGUAGE_STANDARD = gnu17;
				GCC_NO_COMMON_BLOCKS = YES;
				GCC_WARN_64_TO_32_BIT_CONVERSION = YES;
				GCC_WARN_ABOUT_RETURN_TYPE = YES_ERROR;
				GCC_WARN_UNDECLARED_SELECTOR = YES;
				GCC_WARN_UNINITIALIZED_AUTOS = YES_AGGRESSIVE;
				GCC_WARN_UNUSED_FUNCTION = YES;
				GCC_WARN_UNUSED_VARIABLE = YES;
				IPHONEOS_DEPLOYMENT_TARGET = 17.2;
				LOCALIZATION_PREFERS_STRING_CATALOGS = YES;
				MTL_ENABLE_DEBUG_INFO = NO;
				MTL_FAST_MATH = YES;
				SDKROOT = iphoneos;
				SWIFT_COMPILATION_MODE = wholemodule;
				VALIDATE_PRODUCT = YES;
			};
			name = Release;
		};
		F6689FD02B44F89500EE8A9F /* Debug */ = {
			isa = XCBuildConfiguration;
			buildSettings = {
				ASSETCATALOG_COMPILER_APPICON_NAME = AppIcon;
				ASSETCATALOG_COMPILER_GLOBAL_ACCENT_COLOR_NAME = AccentColor;
				CODE_SIGN_ENTITLEMENTS = EzyDo/EzyDo.entitlements;
				CODE_SIGN_STYLE = Automatic;
				CURRENT_PROJECT_VERSION = 1;
				DEVELOPMENT_ASSET_PATHS = "\"EzyDo/Preview Content\"";
				DEVELOPMENT_TEAM = UZH64YM875;
				ENABLE_PREVIEWS = YES;
				GENERATE_INFOPLIST_FILE = YES;
				INFOPLIST_FILE = EzyDo/Info.plist;
				INFOPLIST_KEY_UIApplicationSceneManifest_Generation = YES;
				INFOPLIST_KEY_UIApplicationSupportsIndirectInputEvents = YES;
				INFOPLIST_KEY_UILaunchScreen_Generation = YES;
				INFOPLIST_KEY_UISupportedInterfaceOrientations_iPad = "UIInterfaceOrientationPortrait UIInterfaceOrientationPortraitUpsideDown UIInterfaceOrientationLandscapeLeft UIInterfaceOrientationLandscapeRight";
				INFOPLIST_KEY_UISupportedInterfaceOrientations_iPhone = "UIInterfaceOrientationPortrait UIInterfaceOrientationLandscapeLeft UIInterfaceOrientationLandscapeRight";
				LD_RUNPATH_SEARCH_PATHS = (
					"$(inherited)",
					"@executable_path/Frameworks",
				);
				MARKETING_VERSION = 1.0;
				PRODUCT_BUNDLE_IDENTIFIER = com.flutterwithopsy.EzyDo;
				PRODUCT_NAME = "$(TARGET_NAME)";
				SUPPORTED_PLATFORMS = "iphoneos iphonesimulator";
				SUPPORTS_MACCATALYST = NO;
				SUPPORTS_MAC_DESIGNED_FOR_IPHONE_IPAD = NO;
				SWIFT_EMIT_LOC_STRINGS = YES;
				SWIFT_VERSION = 5.0;
				TARGETED_DEVICE_FAMILY = 1;
			};
			name = Debug;
		};
		F6689FD12B44F89500EE8A9F /* Release */ = {
			isa = XCBuildConfiguration;
			buildSettings = {
				ASSETCATALOG_COMPILER_APPICON_NAME = AppIcon;
				ASSETCATALOG_COMPILER_GLOBAL_ACCENT_COLOR_NAME = AccentColor;
				CODE_SIGN_ENTITLEMENTS = EzyDo/EzyDo.entitlements;
				CODE_SIGN_STYLE = Automatic;
				CURRENT_PROJECT_VERSION = 1;
				DEVELOPMENT_ASSET_PATHS = "\"EzyDo/Preview Content\"";
				DEVELOPMENT_TEAM = UZH64YM875;
				ENABLE_PREVIEWS = YES;
				GENERATE_INFOPLIST_FILE = YES;
				INFOPLIST_FILE = EzyDo/Info.plist;
				INFOPLIST_KEY_UIApplicationSceneManifest_Generation = YES;
				INFOPLIST_KEY_UIApplicationSupportsIndirectInputEvents = YES;
				INFOPLIST_KEY_UILaunchScreen_Generation = YES;
				INFOPLIST_KEY_UISupportedInterfaceOrientations_iPad = "UIInterfaceOrientationPortrait UIInterfaceOrientationPortraitUpsideDown UIInterfaceOrientationLandscapeLeft UIInterfaceOrientationLandscapeRight";
				INFOPLIST_KEY_UISupportedInterfaceOrientations_iPhone = "UIInterfaceOrientationPortrait UIInterfaceOrientationLandscapeLeft UIInterfaceOrientationLandscapeRight";
				LD_RUNPATH_SEARCH_PATHS = (
					"$(inherited)",
					"@executable_path/Frameworks",
				);
				MARKETING_VERSION = 1.0;
				PRODUCT_BUNDLE_IDENTIFIER = com.flutterwithopsy.EzyDo;
				PRODUCT_NAME = "$(TARGET_NAME)";
				SUPPORTED_PLATFORMS = "iphoneos iphonesimulator";
				SUPPORTS_MACCATALYST = NO;
				SUPPORTS_MAC_DESIGNED_FOR_IPHONE_IPAD = NO;
				SWIFT_EMIT_LOC_STRINGS = YES;
				SWIFT_VERSION = 5.0;
				TARGETED_DEVICE_FAMILY = 1;
			};
			name = Release;
		};
		F6689FD32B44F89500EE8A9F /* Debug */ = {
			isa = XCBuildConfiguration;
			buildSettings = {
				ALWAYS_EMBED_SWIFT_STANDARD_LIBRARIES = YES;
				BUNDLE_LOADER = "$(TEST_HOST)";
				CODE_SIGN_STYLE = Automatic;
				CURRENT_PROJECT_VERSION = 1;
				DEVELOPMENT_TEAM = UZH64YM875;
				GENERATE_INFOPLIST_FILE = YES;
				IPHONEOS_DEPLOYMENT_TARGET = 17.2;
				MARKETING_VERSION = 1.0;
				PRODUCT_BUNDLE_IDENTIFIER = com.flutterwithopsy.EzyDoTests;
				PRODUCT_NAME = "$(TARGET_NAME)";
				SWIFT_EMIT_LOC_STRINGS = NO;
				SWIFT_VERSION = 5.0;
				TARGETED_DEVICE_FAMILY = "1,2";
				TEST_HOST = "$(BUILT_PRODUCTS_DIR)/EzyDo.app/$(BUNDLE_EXECUTABLE_FOLDER_PATH)/EzyDo";
			};
			name = Debug;
		};
		F6689FD42B44F89500EE8A9F /* Release */ = {
			isa = XCBuildConfiguration;
			buildSettings = {
				ALWAYS_EMBED_SWIFT_STANDARD_LIBRARIES = YES;
				BUNDLE_LOADER = "$(TEST_HOST)";
				CODE_SIGN_STYLE = Automatic;
				CURRENT_PROJECT_VERSION = 1;
				DEVELOPMENT_TEAM = UZH64YM875;
				GENERATE_INFOPLIST_FILE = YES;
				IPHONEOS_DEPLOYMENT_TARGET = 17.2;
				MARKETING_VERSION = 1.0;
				PRODUCT_BUNDLE_IDENTIFIER = com.flutterwithopsy.EzyDoTests;
				PRODUCT_NAME = "$(TARGET_NAME)";
				SWIFT_EMIT_LOC_STRINGS = NO;
				SWIFT_VERSION = 5.0;
				TARGETED_DEVICE_FAMILY = "1,2";
				TEST_HOST = "$(BUILT_PRODUCTS_DIR)/EzyDo.app/$(BUNDLE_EXECUTABLE_FOLDER_PATH)/EzyDo";
			};
			name = Release;
		};
		F6689FD62B44F89500EE8A9F /* Debug */ = {
			isa = XCBuildConfiguration;
			buildSettings = {
				ALWAYS_EMBED_SWIFT_STANDARD_LIBRARIES = YES;
				CODE_SIGN_STYLE = Automatic;
				CURRENT_PROJECT_VERSION = 1;
				DEVELOPMENT_TEAM = UZH64YM875;
				GENERATE_INFOPLIST_FILE = YES;
				MARKETING_VERSION = 1.0;
				PRODUCT_BUNDLE_IDENTIFIER = com.flutterwithopsy.EzyDoUITests;
				PRODUCT_NAME = "$(TARGET_NAME)";
				SWIFT_EMIT_LOC_STRINGS = NO;
				SWIFT_VERSION = 5.0;
				TARGETED_DEVICE_FAMILY = "1,2";
				TEST_TARGET_NAME = EzyDo;
			};
			name = Debug;
		};
		F6689FD72B44F89500EE8A9F /* Release */ = {
			isa = XCBuildConfiguration;
			buildSettings = {
				ALWAYS_EMBED_SWIFT_STANDARD_LIBRARIES = YES;
				CODE_SIGN_STYLE = Automatic;
				CURRENT_PROJECT_VERSION = 1;
				DEVELOPMENT_TEAM = UZH64YM875;
				GENERATE_INFOPLIST_FILE = YES;
				MARKETING_VERSION = 1.0;
				PRODUCT_BUNDLE_IDENTIFIER = com.flutterwithopsy.EzyDoUITests;
				PRODUCT_NAME = "$(TARGET_NAME)";
				SWIFT_EMIT_LOC_STRINGS = NO;
				SWIFT_VERSION = 5.0;
				TARGETED_DEVICE_FAMILY = "1,2";
				TEST_TARGET_NAME = EzyDo;
			};
			name = Release;
		};
/* End XCBuildConfiguration section */

/* Begin XCConfigurationList section */
		F6689F9F2B44F89300EE8A9F /* Build configuration list for PBXProject "EzyDo" */ = {
			isa = XCConfigurationList;
			buildConfigurations = (
				F6689FCD2B44F89500EE8A9F /* Debug */,
				F6689FCE2B44F89500EE8A9F /* Release */,
			);
			defaultConfigurationIsVisible = 0;
			defaultConfigurationName = Release;
		};
		F6689FCF2B44F89500EE8A9F /* Build configuration list for PBXNativeTarget "EzyDo" */ = {
			isa = XCConfigurationList;
			buildConfigurations = (
				F6689FD02B44F89500EE8A9F /* Debug */,
				F6689FD12B44F89500EE8A9F /* Release */,
			);
			defaultConfigurationIsVisible = 0;
			defaultConfigurationName = Release;
		};
		F6689FD22B44F89500EE8A9F /* Build configuration list for PBXNativeTarget "EzyDoTests" */ = {
			isa = XCConfigurationList;
			buildConfigurations = (
				F6689FD32B44F89500EE8A9F /* Debug */,
				F6689FD42B44F89500EE8A9F /* Release */,
			);
			defaultConfigurationIsVisible = 0;
			defaultConfigurationName = Release;
		};
		F6689FD52B44F89500EE8A9F /* Build configuration list for PBXNativeTarget "EzyDoUITests" */ = {
			isa = XCConfigurationList;
			buildConfigurations = (
				F6689FD62B44F89500EE8A9F /* Debug */,
				F6689FD72B44F89500EE8A9F /* Release */,
			);
			defaultConfigurationIsVisible = 0;
			defaultConfigurationName = Release;
		};
/* End XCConfigurationList section */

/* Begin XCVersionGroup section */
		F6689FB22B44F89400EE8A9F /* EzyDo.xcdatamodeld */ = {
			isa = XCVersionGroup;
			children = (
				F6689FB32B44F89400EE8A9F /* EzyDo.xcdatamodel */,
			);
			currentVersion = F6689FB32B44F89400EE8A9F /* EzyDo.xcdatamodel */;
			path = EzyDo.xcdatamodeld;
			sourceTree = "<group>";
			versionGroupType = wrapper.xcdatamodel;
		};
/* End XCVersionGroup section */
	};
	rootObject = F6689F9C2B44F89300EE8A9F /* Project object */;
}
